<?xml version="1.0" encoding="utf-8"?>
<Project ToolsVersion="4.0" xmlns="http://schemas.microsoft.com/developer/msbuild/2003">
  <ItemGroup>
    <Filter Include="Source Files">
      <UniqueIdentifier>{4FC737F1-C7A5-4376-A066-2A32D752A2FF}</UniqueIdentifier>
      <Extensions>cpp;c;cc;cxx;def;odl;idl;hpj;bat;asm;asmx</Extensions>
    </Filter>
    <Filter Include="Header Files">
      <UniqueIdentifier>{93995380-89BD-4b04-88EB-625FBE52EBFB}</UniqueIdentifier>
      <Extensions>h;hpp;hxx;hm;inl;inc;xsd</Extensions>
    </Filter>
    <Filter Include="Resource Files">
      <UniqueIdentifier>{67DA6AB6-F800-4c08-8B7A-83BB121AAD01}</UniqueIdentifier>
      <Extensions>rc;ico;cur;bmp;dlg;rc2;rct;bin;rgs;gif;jpg;jpeg;jpe;resx;tiff;tif;png;wav</Extensions>
    </Filter>
  </ItemGroup>
  <ItemGroup>
    <ClCompile Include="amcheck.c">
      <Filter>Source Files</Filter>
    </ClCompile>
    <ClCompile Include="amcon.c">
      <Filter>Source Files</Filter>
    </ClCompile>
    <ClCompile Include="amerror.c">
      <Filter>Source Files</Filter>
    </ClCompile>
    <ClCompile Include="ameval.c">
      <Filter>Source Files</Filter>
    </ClCompile>
    <ClCompile Include="amio.c">
      <Filter>Source Files</Filter>
    </ClCompile>
    <ClCompile Include="amlex.c">
      <Filter>Source Files</Filter>
    </ClCompile>
    <ClCompile Include="amlib.c">
      <Filter>Source Files</Filter>
    </ClCompile>
    <ClCompile Include="ammem.c">
      <Filter>Source Files</Filter>
    </ClCompile>
    <ClCompile Include="ammodify.c">
      <Filter>Source Files</Filter>
    </ClCompile>
    <ClCompile Include="amparse.c">
      <Filter>Source Files</Filter>
    </ClCompile>
    <ClCompile Include="ampatter.c">
      <Filter>Source Files</Filter>
    </ClCompile>
    <ClCompile Include="amprint.c">
      <Filter>Source Files</Filter>
    </ClCompile>
    <ClCompile Include="amstack.c">
      <Filter>Source Files</Filter>
    </ClCompile>
    <ClCompile Include="amsyslib.c">
      <Filter>Source Files</Filter>
    </ClCompile>
    <ClCompile Include="amtable.c">
      <Filter>Source Files</Filter>
    </ClCompile>
  </ItemGroup>
  <ItemGroup>
    <ClInclude Include="amcheck.h">
      <Filter>Header Files</Filter>
    </ClInclude>
    <ClInclude Include="amcon.h">
      <Filter>Header Files</Filter>
    </ClInclude>
    <ClInclude Include="amerror.h">
      <Filter>Header Files</Filter>
    </ClInclude>
    <ClInclude Include="ameval.h">
      <Filter>Header Files</Filter>
    </ClInclude>
    <ClInclude Include="amio.h">
      <Filter>Header Files</Filter>
    </ClInclude>
    <ClInclude Include="amlex.h">
      <Filter>Header Files</Filter>
    </ClInclude>
    <ClInclude Include="amlib.h">
      <Filter>Header Files</Filter>
    </ClInclude>
    <ClInclude Include="ammem.h">
      <Filter>Header Files</Filter>
    </ClInclude>
    <ClInclude Include="ammodify.h">
      <Filter>Header Files</Filter>
    </ClInclude>
    <ClInclude Include="amparse.h">
      <Filter>Header Files</Filter>
    </ClInclude>
    <ClInclude Include="ampatter.h">
      <Filter>Header Files</Filter>
    </ClInclude>
    <ClInclude Include="amprint.h">
      <Filter>Header Files</Filter>
    </ClInclude>
    <ClInclude Include="amstack.h">
      <Filter>Header Files</Filter>
    </ClInclude>
    <ClInclude Include="amsyslib.h">
      <Filter>Header Files</Filter>
    </ClInclude>
    <ClInclude Include="amtable.h">
      <Filter>Header Files</Filter>
    </ClInclude>
    <ClInclude Include="amtypes.h">
      <Filter>Header Files</Filter>
    </ClInclude>
    <ClInclude Include="bool.h">
      <Filter>Header Files</Filter>
    </ClInclude>
  </ItemGroup>
</Project>