
Microsoft Visual Studio Solution File, Format Version 12.00
# Visual Studio 2012
Project("{8BC9CEB8-8B4A-11D0-8D11-00A0C91BC942}") = "amanda", "amanda.vcxproj", "{0C313427-E10D-4BF6-A071-0A86BEBB86E8}"
EndProject
Project("{FAE04EC0-301F-11D3-BF4B-00C04F79EFBC}") = "interface", "..\interface\interface\interface.csproj", "{384D3549-1B74-49C4-93C8-8719AC6D15BC}"
EndProject
Global
	GlobalSection(SolutionConfigurationPlatforms) = preSolution
		Debug|Any CPU = Debug|Any CPU
		Debug|Mixed Platforms = Debug|Mixed Platforms
		Debug|Win32 = Debug|Win32
		Release|Any CPU = Release|Any CPU
		Release|Mixed Platforms = Release|Mixed Platforms
		Release|Win32 = Release|Win32
	EndGlobalSection
	GlobalSection(ProjectConfigurationPlatforms) = postSolution
		{0C313427-E10D-4BF6-A071-0A86BEBB86E8}.Debug|Any CPU.ActiveCfg = Debug|Win32
		{0C313427-E10D-4BF6-A071-0A86BEBB86E8}.Debug|Mixed Platforms.ActiveCfg = Debug|Win32
		{0C313427-E10D-4BF6-A071-0A86BEBB86E8}.Debug|Mixed Platforms.Build.0 = Debug|Win32
		{0C313427-E10D-4BF6-A071-0A86BEBB86E8}.Debug|Win32.ActiveCfg = Debug|Win32
		{0C313427-E10D-4BF6-A071-0A86BEBB86E8}.Debug|Win32.Build.0 = Debug|Win32
		{0C313427-E10D-4BF6-A071-0A86BEBB86E8}.Release|Any CPU.ActiveCfg = Release|Win32
		{0C313427-E10D-4BF6-A071-0A86BEBB86E8}.Release|Mixed Platforms.ActiveCfg = Release|Win32
		{0C313427-E10D-4BF6-A071-0A86BEBB86E8}.Release|Mixed Platforms.Build.0 = Release|Win32
		{0C313427-E10D-4BF6-A071-0A86BEBB86E8}.Release|Win32.ActiveCfg = Release|Win32
		{0C313427-E10D-4BF6-A071-0A86BEBB86E8}.Release|Win32.Build.0 = Release|Win32
		{384D3549-1B74-49C4-93C8-8719AC6D15BC}.Debug|Any CPU.ActiveCfg = Debug|Any CPU
		{384D3549-1B74-49C4-93C8-8719AC6D15BC}.Debug|Any CPU.Build.0 = Debug|Any CPU
		{384D3549-1B74-49C4-93C8-8719AC6D15BC}.Debug|Mixed Platforms.ActiveCfg = Debug|Any CPU
		{384D3549-1B74-49C4-93C8-8719AC6D15BC}.Debug|Mixed Platforms.Build.0 = Debug|Any CPU
		{384D3549-1B74-49C4-93C8-8719AC6D15BC}.Debug|Win32.ActiveCfg = Debug|Any CPU
		{384D3549-1B74-49C4-93C8-8719AC6D15BC}.Release|Any CPU.ActiveCfg = Release|Any CPU
		{384D3549-1B74-49C4-93C8-8719AC6D15BC}.Release|Any CPU.Build.0 = Release|Any CPU
		{384D3549-1B74-49C4-93C8-8719AC6D15BC}.Release|Mixed Platforms.ActiveCfg = Release|Any CPU
		{384D3549-1B74-49C4-93C8-8719AC6D15BC}.Release|Mixed Platforms.Build.0 = Release|Any CPU
		{384D3549-1B74-49C4-93C8-8719AC6D15BC}.Release|Win32.ActiveCfg = Release|Any CPU
	EndGlobalSection
	GlobalSection(SolutionProperties) = preSolution
		HideSolutionNode = FALSE
	EndGlobalSection
EndGlobal
